// !$*UTF8*$!
{
	archiveVersion = 1;
	classes = {
	};
	objectVersion = 50;
	objects = {

/* Begin PBXFileReference section */
		9A33025B279E8A3B0032ED30 /* Printer.playground */ = {isa = PBXFileReference; lastKnownFileType = file.playground; path = Printer.playground; sourceTree = "<group>"; xcLanguageSpecificationIdentifier = xcode.lang.swift; };
		9A42C1C927872E600034152C /* FunctionDevelopment.playground */ = {isa = PBXFileReference; lastKnownFileType = file.playground; path = FunctionDevelopment.playground; sourceTree = "<group>"; xcLanguageSpecificationIdentifier = xcode.lang.swift; };
		9A80CB1B278EC97900C17534 /* BiggestNumber.playground */ = {isa = PBXFileReference; lastKnownFileType = file.playground; path = BiggestNumber.playground; sourceTree = "<group>"; xcLanguageSpecificationIdentifier = xcode.lang.swift; };
		9A80CB1C278EFF3C00C17534 /* BiggestNumber2.playground */ = {isa = PBXFileReference; lastKnownFileType = file.playground; path = BiggestNumber2.playground; sourceTree = "<group>"; xcLanguageSpecificationIdentifier = xcode.lang.swift; };
		9A80CB1D278F266D00C17534 /* KthNumber.playground */ = {isa = PBXFileReference; lastKnownFileType = file.playground; path = KthNumber.playground; sourceTree = "<group>"; xcLanguageSpecificationIdentifier = xcode.lang.swift; };
		9A80CB1F278F3E6100C17534 /* FIFOLIFO.playground */ = {isa = PBXFileReference; lastKnownFileType = file.playground; path = FIFOLIFO.playground; sourceTree = "<group>"; xcLanguageSpecificationIdentifier = xcode.lang.swift; };
		9AE1391D279838E400F1E1E0 /* StackSequence.playground */ = {isa = PBXFileReference; lastKnownFileType = file.playground; path = StackSequence.playground; sourceTree = "<group>"; xcLanguageSpecificationIdentifier = xcode.lang.swift; };
		9AE13946279879BA00F1E1E0 /* RightBiggerNumber.playground */ = {isa = PBXFileReference; lastKnownFileType = file.playground; path = RightBiggerNumber.playground; sourceTree = "<group>"; xcLanguageSpecificationIdentifier = xcode.lang.swift; };
		9AE2A70B279191BA00A215A0 /* ClawMachineGame.playground */ = {isa = PBXFileReference; lastKnownFileType = file.playground; path = ClawMachineGame.playground; sourceTree = "<group>"; xcLanguageSpecificationIdentifier = xcode.lang.swift; };
/* End PBXFileReference section */

/* Begin PBXGroup section */
		9A42C1C127872DEE0034152C = {
			isa = PBXGroup;
			children = (
				9A33025B279E8A3B0032ED30 /* Printer.playground */,
				9AE13946279879BA00F1E1E0 /* RightBiggerNumber.playground */,
				9AE1391D279838E400F1E1E0 /* StackSequence.playground */,
				9AE2A70B279191BA00A215A0 /* ClawMachineGame.playground */,
				9A80CB1F278F3E6100C17534 /* FIFOLIFO.playground */,
				9A80CB1D278F266D00C17534 /* KthNumber.playground */,
				9A80CB1C278EFF3C00C17534 /* BiggestNumber2.playground */,
				9A80CB1B278EC97900C17534 /* BiggestNumber.playground */,
				9A42C1C927872E600034152C /* FunctionDevelopment.playground */,
			);
			sourceTree = "<group>";
		};
/* End PBXGroup section */

/* Begin PBXProject section */
		9A42C1C227872DEE0034152C /* Project object */ = {
			isa = PBXProject;
			attributes = {
				LastUpgradeCheck = 1250;
			};
			buildConfigurationList = 9A42C1C527872DEE0034152C /* Build configuration list for PBXProject "CodingTest" */;
			compatibilityVersion = "Xcode 9.3";
			developmentRegion = en;
			hasScannedForEncodings = 0;
			knownRegions = (
				en,
				Base,
			);
			mainGroup = 9A42C1C127872DEE0034152C;
			projectDirPath = "";
			projectRoot = "";
			targets = (
			);
		};
/* End PBXProject section */

/* Begin XCBuildConfiguration section */
		9A42C1C627872DEE0034152C /* Debug */ = {
			isa = XCBuildConfiguration;
			buildSettings = {
			};
			name = Debug;
		};
		9A42C1C727872DEE0034152C /* Release */ = {
			isa = XCBuildConfiguration;
			buildSettings = {
			};
			name = Release;
		};
/* End XCBuildConfiguration section */

/* Begin XCConfigurationList section */
		9A42C1C527872DEE0034152C /* Build configuration list for PBXProject "CodingTest" */ = {
			isa = XCConfigurationList;
			buildConfigurations = (
				9A42C1C627872DEE0034152C /* Debug */,
				9A42C1C727872DEE0034152C /* Release */,
			);
			defaultConfigurationIsVisible = 0;
			defaultConfigurationName = Release;
		};
/* End XCConfigurationList section */
	};
	rootObject = 9A42C1C227872DEE0034152C /* Project object */;
}
